
Microsoft Visual Studio Solution File, Format Version 12.00
# Visual Studio Version 16
VisualStudioVersion = 16.0.32002.261
MinimumVisualStudioVersion = 10.0.40219.1
Project("{FAE04EC0-301F-11D3-BF4B-00C04F79EFBC}") = "wmcdemo.UWP", "wmcdemo.UWP\wmcdemo.UWP.csproj", "{F088C8EE-E5F4-4149-B688-B7C62C1F633E}"
EndProject
Project("{FAE04EC0-301F-11D3-BF4B-00C04F79EFBC}") = "wmcdemo.Android", "wmcdemo.Android\wmcdemo.Android.csproj", "{04A5E882-E87E-4741-9A59-A795F42913CA}"
EndProject
Project("{FAE04EC0-301F-11D3-BF4B-00C04F79EFBC}") = "wmcdemo.iOS", "wmcdemo.iOS\wmcdemo.iOS.csproj", "{D38D8BFE-E081-412F-A24C-3BB00826786C}"
EndProject
Project("{FAE04EC0-301F-11D3-BF4B-00C04F79EFBC}") = "wmcdemo", "wmcdemo\wmcdemo.csproj", "{E23D946D-2D50-4D8F-A5C8-3CF614EB42A3}"
EndProject
Global
	GlobalSection(SolutionConfigurationPlatforms) = preSolution
		Debug|Any CPU = Debug|Any CPU
		Debug|ARM = Debug|ARM
		Debug|iPhone = Debug|iPhone
		Debug|iPhoneSimulator = Debug|iPhoneSimulator
		Debug|x64 = Debug|x64
		Debug|x86 = Debug|x86
		Release|Any CPU = Release|Any CPU
		Release|ARM = Release|ARM
		Release|iPhone = Release|iPhone
		Release|iPhoneSimulator = Release|iPhoneSimulator
		Release|x64 = Release|x64
		Release|x86 = Release|x86
	EndGlobalSection
	GlobalSection(ProjectConfigurationPlatforms) = postSolution
		{F088C8EE-E5F4-4149-B688-B7C62C1F633E}.Debug|Any CPU.ActiveCfg = Debug|x86
		{F088C8EE-E5F4-4149-B688-B7C62C1F633E}.Debug|Any CPU.Build.0 = Debug|x86
		{F088C8EE-E5F4-4149-B688-B7C62C1F633E}.Debug|Any CPU.Deploy.0 = Debug|x86
		{F088C8EE-E5F4-4149-B688-B7C62C1F633E}.Debug|ARM.ActiveCfg = Debug|ARM
		{F088C8EE-E5F4-4149-B688-B7C62C1F633E}.Debug|ARM.Build.0 = Debug|ARM
		{F088C8EE-E5F4-4149-B688-B7C62C1F633E}.Debug|ARM.Deploy.0 = Debug|ARM
		{F088C8EE-E5F4-4149-B688-B7C62C1F633E}.Debug|iPhone.ActiveCfg = Debug|x86
		{F088C8EE-E5F4-4149-B688-B7C62C1F633E}.Debug|iPhone.Build.0 = Debug|x86
		{F088C8EE-E5F4-4149-B688-B7C62C1F633E}.Debug|iPhone.Deploy.0 = Debug|x86
		{F088C8EE-E5F4-4149-B688-B7C62C1F633E}.Debug|iPhoneSimulator.ActiveCfg = Debug|x86
		{F088C8EE-E5F4-4149-B688-B7C62C1F633E}.Debug|iPhoneSimulator.Build.0 = Debug|x86
		{F088C8EE-E5F4-4149-B688-B7C62C1F633E}.Debug|iPhoneSimulator.Deploy.0 = Debug|x86
		{F088C8EE-E5F4-4149-B688-B7C62C1F633E}.Debug|x64.ActiveCfg = Debug|x64
		{F088C8EE-E5F4-4149-B688-B7C62C1F633E}.Debug|x64.Build.0 = Debug|x64
		{F088C8EE-E5F4-4149-B688-B7C62C1F633E}.Debug|x64.Deploy.0 = Debug|x64
		{F088C8EE-E5F4-4149-B688-B7C62C1F633E}.Debug|x86.ActiveCfg = Debug|x86
		{F088C8EE-E5F4-4149-B688-B7C62C1F633E}.Debug|x86.Build.0 = Debug|x86
		{F088C8EE-E5F4-4149-B688-B7C62C1F633E}.Debug|x86.Deploy.0 = Debug|x86
		{F088C8EE-E5F4-4149-B688-B7C62C1F633E}.Release|Any CPU.ActiveCfg = Release|x86
		{F088C8EE-E5F4-4149-B688-B7C62C1F633E}.Release|Any CPU.Build.0 = Release|x86
		{F088C8EE-E5F4-4149-B688-B7C62C1F633E}.Release|Any CPU.Deploy.0 = Release|x86
		{F088C8EE-E5F4-4149-B688-B7C62C1F633E}.Release|ARM.ActiveCfg = Release|ARM
		{F088C8EE-E5F4-4149-B688-B7C62C1F633E}.Release|ARM.Build.0 = Release|ARM
		{F088C8EE-E5F4-4149-B688-B7C62C1F633E}.Release|ARM.Deploy.0 = Release|ARM
		{F088C8EE-E5F4-4149-B688-B7C62C1F633E}.Release|iPhone.ActiveCfg = Release|x86
		{F088C8EE-E5F4-4149-B688-B7C62C1F633E}.Release|iPhone.Build.0 = Release|x86
		{F088C8EE-E5F4-4149-B688-B7C62C1F633E}.Release|iPhone.Deploy.0 = Release|x86
		{F088C8EE-E5F4-4149-B688-B7C62C1F633E}.Release|iPhoneSimulator.ActiveCfg = Release|x86
		{F088C8EE-E5F4-4149-B688-B7C62C1F633E}.Release|iPhoneSimulator.Build.0 = Release|x86
		{F088C8EE-E5F4-4149-B688-B7C62C1F633E}.Release|iPhoneSimulator.Deploy.0 = Release|x86
		{F088C8EE-E5F4-4149-B688-B7C62C1F633E}.Release|x64.ActiveCfg = Release|x64
		{F088C8EE-E5F4-4149-B688-B7C62C1F633E}.Release|x64.Build.0 = Release|x64
		{F088C8EE-E5F4-4149-B688-B7C62C1F633E}.Release|x64.Deploy.0 = Release|x64
		{F088C8EE-E5F4-4149-B688-B7C62C1F633E}.Release|x86.ActiveCfg = Release|x86
		{F088C8EE-E5F4-4149-B688-B7C62C1F633E}.Release|x86.Build.0 = Release|x86
		{F088C8EE-E5F4-4149-B688-B7C62C1F633E}.Release|x86.Deploy.0 = Release|x86
		{04A5E882-E87E-4741-9A59-A795F42913CA}.Debug|Any CPU.ActiveCfg = Debug|Any CPU
		{04A5E882-E87E-4741-9A59-A795F42913CA}.Debug|Any CPU.Build.0 = Debug|Any CPU
		{04A5E882-E87E-4741-9A59-A795F42913CA}.Debug|Any CPU.Deploy.0 = Debug|Any CPU
		{04A5E882-E87E-4741-9A59-A795F42913CA}.Debug|ARM.ActiveCfg = Debug|Any CPU
		{04A5E882-E87E-4741-9A59-A795F42913CA}.Debug|ARM.Build.0 = Debug|Any CPU
		{04A5E882-E87E-4741-9A59-A795F42913CA}.Debug|ARM.Deploy.0 = Debug|Any CPU
		{04A5E882-E87E-4741-9A59-A795F42913CA}.Debug|iPhone.ActiveCfg = Debug|Any CPU
		{04A5E882-E87E-4741-9A59-A795F42913CA}.Debug|iPhone.Build.0 = Debug|Any CPU
		{04A5E882-E87E-4741-9A59-A795F42913CA}.Debug|iPhone.Deploy.0 = Debug|Any CPU
		{04A5E882-E87E-4741-9A59-A795F42913CA}.Debug|iPhoneSimulator.ActiveCfg = Debug|Any CPU
		{04A5E882-E87E-4741-9A59-A795F42913CA}.Debug|iPhoneSimulator.Build.0 = Debug|Any CPU
		{04A5E882-E87E-4741-9A59-A795F42913CA}.Debug|iPhoneSimulator.Deploy.0 = Debug|Any CPU
		{04A5E882-E87E-4741-9A59-A795F42913CA}.Debug|x64.ActiveCfg = Debug|Any CPU
		{04A5E882-E87E-4741-9A59-A795F42913CA}.Debug|x64.Build.0 = Debug|Any CPU
		{04A5E882-E87E-4741-9A59-A795F42913CA}.Debug|x64.Deploy.0 = Debug|Any CPU
		{04A5E882-E87E-4741-9A59-A795F42913CA}.Debug|x86.ActiveCfg = Debug|Any CPU
		{04A5E882-E87E-4741-9A59-A795F42913CA}.Debug|x86.Build.0 = Debug|Any CPU
		{04A5E882-E87E-4741-9A59-A795F42913CA}.Debug|x86.Deploy.0 = Debug|Any CPU
		{04A5E882-E87E-4741-9A59-A795F42913CA}.Release|Any CPU.ActiveCfg = Release|Any CPU
		{04A5E882-E87E-4741-9A59-A795F42913CA}.Release|Any CPU.Build.0 = Release|Any CPU
		{04A5E882-E87E-4741-9A59-A795F42913CA}.Release|Any CPU.Deploy.0 = Release|Any CPU
		{04A5E882-E87E-4741-9A59-A795F42913CA}.Release|ARM.ActiveCfg = Release|Any CPU
		{04A5E882-E87E-4741-9A59-A795F42913CA}.Release|ARM.Build.0 = Release|Any CPU
		{04A5E882-E87E-4741-9A59-A795F42913CA}.Release|ARM.Deploy.0 = Release|Any CPU
		{04A5E882-E87E-4741-9A59-A795F42913CA}.Release|iPhone.ActiveCfg = Release|Any CPU
		{04A5E882-E87E-4741-9A59-A795F42913CA}.Release|iPhone.Build.0 = Release|Any CPU
		{04A5E882-E87E-4741-9A59-A795F42913CA}.Release|iPhone.Deploy.0 = Release|Any CPU
		{04A5E882-E87E-4741-9A59-A795F42913CA}.Release|iPhoneSimulator.ActiveCfg = Release|Any CPU
		{04A5E882-E87E-4741-9A59-A795F42913CA}.Release|iPhoneSimulator.Build.0 = Release|Any CPU
		{04A5E882-E87E-4741-9A59-A795F42913CA}.Release|iPhoneSimulator.Deploy.0 = Release|Any CPU
		{04A5E882-E87E-4741-9A59-A795F42913CA}.Release|x64.ActiveCfg = Release|Any CPU
		{04A5E882-E87E-4741-9A59-A795F42913CA}.Release|x64.Build.0 = Release|Any CPU
		{04A5E882-E87E-4741-9A59-A795F42913CA}.Release|x64.Deploy.0 = Release|Any CPU
		{04A5E882-E87E-4741-9A59-A795F42913CA}.Release|x86.ActiveCfg = Release|Any CPU
		{04A5E882-E87E-4741-9A59-A795F42913CA}.Release|x86.Build.0 = Release|Any CPU
		{04A5E882-E87E-4741-9A59-A795F42913CA}.Release|x86.Deploy.0 = Release|Any CPU
		{D38D8BFE-E081-412F-A24C-3BB00826786C}.Debug|Any CPU.ActiveCfg = Debug|iPhoneSimulator
		{D38D8BFE-E081-412F-A24C-3BB00826786C}.Debug|Any CPU.Build.0 = Debug|iPhoneSimulator
		{D38D8BFE-E081-412F-A24C-3BB00826786C}.Debug|Any CPU.Deploy.0 = Debug|iPhoneSimulator
		{D38D8BFE-E081-412F-A24C-3BB00826786C}.Debug|ARM.ActiveCfg = Debug|iPhone
		{D38D8BFE-E081-412F-A24C-3BB00826786C}.Debug|ARM.Build.0 = Debug|iPhone
		{D38D8BFE-E081-412F-A24C-3BB00826786C}.Debug|ARM.Deploy.0 = Debug|iPhone
		{D38D8BFE-E081-412F-A24C-3BB00826786C}.Debug|iPhone.ActiveCfg = Debug|iPhone
		{D38D8BFE-E081-412F-A24C-3BB00826786C}.Debug|iPhone.Build.0 = Debug|iPhone
		{D38D8BFE-E081-412F-A24C-3BB00826786C}.Debug|iPhone.Deploy.0 = Debug|iPhone
		{D38D8BFE-E081-412F-A24C-3BB00826786C}.Debug|iPhoneSimulator.ActiveCfg = Debug|iPhoneSimulator
		{D38D8BFE-E081-412F-A24C-3BB00826786C}.Debug|iPhoneSimulator.Build.0 = Debug|iPhoneSimulator
		{D38D8BFE-E081-412F-A24C-3BB00826786C}.Debug|iPhoneSimulator.Deploy.0 = Debug|iPhoneSimulator
		{D38D8BFE-E081-412F-A24C-3BB00826786C}.Debug|x64.ActiveCfg = Debug|iPhoneSimulator
		{D38D8BFE-E081-412F-A24C-3BB00826786C}.Debug|x64.Build.0 = Debug|iPhoneSimulator
		{D38D8BFE-E081-412F-A24C-3BB00826786C}.Debug|x64.Deploy.0 = Debug|iPhoneSimulator
		{D38D8BFE-E081-412F-A24C-3BB00826786C}.Debug|x86.ActiveCfg = Debug|iPhoneSimulator
		{D38D8BFE-E081-412F-A24C-3BB00826786C}.Debug|x86.Build.0 = Debug|iPhoneSimulator
		{D38D8BFE-E081-412F-A24C-3BB00826786C}.Debug|x86.Deploy.0 = Debug|iPhoneSimulator
		{D38D8BFE-E081-412F-A24C-3BB00826786C}.Release|Any CPU.ActiveCfg = Release|iPhoneSimulator
		{D38D8BFE-E081-412F-A24C-3BB00826786C}.Release|Any CPU.Build.0 = Release|iPhoneSimulator
		{D38D8BFE-E081-412F-A24C-3BB00826786C}.Release|Any CPU.Deploy.0 = Release|iPhoneSimulator
		{D38D8BFE-E081-412F-A24C-3BB00826786C}.Release|ARM.ActiveCfg = Release|iPhoneSimulator
		{D38D8BFE-E081-412F-A24C-3BB00826786C}.Release|ARM.Build.0 = Release|iPhoneSimulator
		{D38D8BFE-E081-412F-A24C-3BB00826786C}.Release|ARM.Deploy.0 = Release|iPhoneSimulator
		{D38D8BFE-E081-412F-A24C-3BB00826786C}.Release|iPhone.ActiveCfg = Release|iPhone
		{D38D8BFE-E081-412F-A24C-3BB00826786C}.Release|iPhone.Build.0 = Release|iPhone
		{D38D8BFE-E081-412F-A24C-3BB00826786C}.Release|iPhone.Deploy.0 = Release|iPhone
		{D38D8BFE-E081-412F-A24C-3BB00826786C}.Release|iPhoneSimulator.ActiveCfg = Release|iPhoneSimulator
		{D38D8BFE-E081-412F-A24C-3BB00826786C}.Release|iPhoneSimulator.Build.0 = Release|iPhoneSimulator
		{D38D8BFE-E081-412F-A24C-3BB00826786C}.Release|iPhoneSimulator.Deploy.0 = Release|iPhoneSimulator
		{D38D8BFE-E081-412F-A24C-3BB00826786C}.Release|x64.ActiveCfg = Release|iPhoneSimulator
		{D38D8BFE-E081-412F-A24C-3BB00826786C}.Release|x64.Build.0 = Release|iPhoneSimulator
		{D38D8BFE-E081-412F-A24C-3BB00826786C}.Release|x64.Deploy.0 = Release|iPhoneSimulator
		{D38D8BFE-E081-412F-A24C-3BB00826786C}.Release|x86.ActiveCfg = Release|iPhoneSimulator
		{D38D8BFE-E081-412F-A24C-3BB00826786C}.Release|x86.Build.0 = Release|iPhoneSimulator
		{D38D8BFE-E081-412F-A24C-3BB00826786C}.Release|x86.Deploy.0 = Release|iPhoneSimulator
		{E23D946D-2D50-4D8F-A5C8-3CF614EB42A3}.Debug|Any CPU.ActiveCfg = Debug|Any CPU
		{E23D946D-2D50-4D8F-A5C8-3CF614EB42A3}.Debug|Any CPU.Build.0 = Debug|Any CPU
		{E23D946D-2D50-4D8F-A5C8-3CF614EB42A3}.Debug|Any CPU.Deploy.0 = Debug|Any CPU
		{E23D946D-2D50-4D8F-A5C8-3CF614EB42A3}.Debug|ARM.ActiveCfg = Debug|Any CPU
		{E23D946D-2D50-4D8F-A5C8-3CF614EB42A3}.Debug|ARM.Build.0 = Debug|Any CPU
		{E23D946D-2D50-4D8F-A5C8-3CF614EB42A3}.Debug|ARM.Deploy.0 = Debug|Any CPU
		{E23D946D-2D50-4D8F-A5C8-3CF614EB42A3}.Debug|iPhone.ActiveCfg = Debug|Any CPU
		{E23D946D-2D50-4D8F-A5C8-3CF614EB42A3}.Debug|iPhone.Build.0 = Debug|Any CPU
		{E23D946D-2D50-4D8F-A5C8-3CF614EB42A3}.Debug|iPhone.Deploy.0 = Debug|Any CPU
		{E23D946D-2D50-4D8F-A5C8-3CF614EB42A3}.Debug|iPhoneSimulator.ActiveCfg = Debug|Any CPU
		{E23D946D-2D50-4D8F-A5C8-3CF614EB42A3}.Debug|iPhoneSimulator.Build.0 = Debug|Any CPU
		{E23D946D-2D50-4D8F-A5C8-3CF614EB42A3}.Debug|iPhoneSimulator.Deploy.0 = Debug|Any CPU
		{E23D946D-2D50-4D8F-A5C8-3CF614EB42A3}.Debug|x64.ActiveCfg = Debug|Any CPU
		{E23D946D-2D50-4D8F-A5C8-3CF614EB42A3}.Debug|x64.Build.0 = Debug|Any CPU
		{E23D946D-2D50-4D8F-A5C8-3CF614EB42A3}.Debug|x64.Deploy.0 = Debug|Any CPU
		{E23D946D-2D50-4D8F-A5C8-3CF614EB42A3}.Debug|x86.ActiveCfg = Debug|Any CPU
		{E23D946D-2D50-4D8F-A5C8-3CF614EB42A3}.Debug|x86.Build.0 = Debug|Any CPU
		{E23D946D-2D50-4D8F-A5C8-3CF614EB42A3}.Debug|x86.Deploy.0 = Debug|Any CPU
		{E23D946D-2D50-4D8F-A5C8-3CF614EB42A3}.Release|Any CPU.ActiveCfg = Release|Any CPU
		{E23D946D-2D50-4D8F-A5C8-3CF614EB42A3}.Release|Any CPU.Build.0 = Release|Any CPU
		{E23D946D-2D50-4D8F-A5C8-3CF614EB42A3}.Release|Any CPU.Deploy.0 = Release|Any CPU
		{E23D946D-2D50-4D8F-A5C8-3CF614EB42A3}.Release|ARM.ActiveCfg = Release|Any CPU
		{E23D946D-2D50-4D8F-A5C8-3CF614EB42A3}.Release|ARM.Build.0 = Release|Any CPU
		{E23D946D-2D50-4D8F-A5C8-3CF614EB42A3}.Release|ARM.Deploy.0 = Release|Any CPU
		{E23D946D-2D50-4D8F-A5C8-3CF614EB42A3}.Release|iPhone.ActiveCfg = Release|Any CPU
		{E23D946D-2D50-4D8F-A5C8-3CF614EB42A3}.Release|iPhone.Build.0 = Release|Any CPU
		{E23D946D-2D50-4D8F-A5C8-3CF614EB42A3}.Release|iPhone.Deploy.0 = Release|Any CPU
		{E23D946D-2D50-4D8F-A5C8-3CF614EB42A3}.Release|iPhoneSimulator.ActiveCfg = Release|Any CPU
		{E23D946D-2D50-4D8F-A5C8-3CF614EB42A3}.Release|iPhoneSimulator.Build.0 = Release|Any CPU
		{E23D946D-2D50-4D8F-A5C8-3CF614EB42A3}.Release|iPhoneSimulator.Deploy.0 = Release|Any CPU
		{E23D946D-2D50-4D8F-A5C8-3CF614EB42A3}.Release|x64.ActiveCfg = Release|Any CPU
		{E23D946D-2D50-4D8F-A5C8-3CF614EB42A3}.Release|x64.Build.0 = Release|Any CPU
		{E23D946D-2D50-4D8F-A5C8-3CF614EB42A3}.Release|x64.Deploy.0 = Release|Any CPU
		{E23D946D-2D50-4D8F-A5C8-3CF614EB42A3}.Release|x86.ActiveCfg = Release|Any CPU
		{E23D946D-2D50-4D8F-A5C8-3CF614EB42A3}.Release|x86.Build.0 = Release|Any CPU
		{E23D946D-2D50-4D8F-A5C8-3CF614EB42A3}.Release|x86.Deploy.0 = Release|Any CPU
	EndGlobalSection
	GlobalSection(SolutionProperties) = preSolution
		HideSolutionNode = FALSE
	EndGlobalSection
	GlobalSection(ExtensibilityGlobals) = postSolution
		SolutionGuid = {CC84173D-178F-47B2-90F4-F5628B364D7A}
	EndGlobalSection
EndGlobal
